
Microsoft Visual Studio Solution File, Format Version 12.00
# Visual Studio 15
VisualStudioVersion = 15.0.28307.421
MinimumVisualStudioVersion = 10.0.40219.1
Project("{FAE04EC0-301F-11D3-BF4B-00C04F79EFBC}") = "ListExample", "ListExample\ListExample.csproj", "{A9F13F65-BAB6-4CF7-9C11-4A85BC6D56D4}"
EndProject
Project("{FAE04EC0-301F-11D3-BF4B-00C04F79EFBC}") = "QExample", "QExample\QExample.csproj", "{E2830617-DACD-4DFD-ACDB-D9FAAAB8BBE2}"
EndProject
Project("{FAE04EC0-301F-11D3-BF4B-00C04F79EFBC}") = "ListElement", "ListElement\ListElement.csproj", "{2A9D91F7-048B-457A-A720-897619BB2F66}"
EndProject
Global
	GlobalSection(SolutionConfigurationPlatforms) = preSolution
		Debug|Any CPU = Debug|Any CPU
		Release|Any CPU = Release|Any CPU
	EndGlobalSection
	GlobalSection(ProjectConfigurationPlatforms) = postSolution
		{A9F13F65-BAB6-4CF7-9C11-4A85BC6D56D4}.Debug|Any CPU.ActiveCfg = Debug|Any CPU
		{A9F13F65-BAB6-4CF7-9C11-4A85BC6D56D4}.Debug|Any CPU.Build.0 = Debug|Any CPU
		{A9F13F65-BAB6-4CF7-9C11-4A85BC6D56D4}.Release|Any CPU.ActiveCfg = Release|Any CPU
		{A9F13F65-BAB6-4CF7-9C11-4A85BC6D56D4}.Release|Any CPU.Build.0 = Release|Any CPU
		{E2830617-DACD-4DFD-ACDB-D9FAAAB8BBE2}.Debug|Any CPU.ActiveCfg = Debug|Any CPU
		{E2830617-DACD-4DFD-ACDB-D9FAAAB8BBE2}.Debug|Any CPU.Build.0 = Debug|Any CPU
		{E2830617-DACD-4DFD-ACDB-D9FAAAB8BBE2}.Release|Any CPU.ActiveCfg = Release|Any CPU
		{E2830617-DACD-4DFD-ACDB-D9FAAAB8BBE2}.Release|Any CPU.Build.0 = Release|Any CPU
		{2A9D91F7-048B-457A-A720-897619BB2F66}.Debug|Any CPU.ActiveCfg = Debug|Any CPU
		{2A9D91F7-048B-457A-A720-897619BB2F66}.Debug|Any CPU.Build.0 = Debug|Any CPU
		{2A9D91F7-048B-457A-A720-897619BB2F66}.Release|Any CPU.ActiveCfg = Release|Any CPU
		{2A9D91F7-048B-457A-A720-897619BB2F66}.Release|Any CPU.Build.0 = Release|Any CPU
	EndGlobalSection
	GlobalSection(SolutionProperties) = preSolution
		HideSolutionNode = FALSE
	EndGlobalSection
	GlobalSection(ExtensibilityGlobals) = postSolution
		SolutionGuid = {8F2766EB-D11E-4A42-9D2F-BBBE5BE00A56}
	EndGlobalSection
EndGlobal
